
Microsoft Visual Studio Solution File, Format Version 12.00
# Visual Studio Version 17
VisualStudioVersion = 17.8.34330.188
MinimumVisualStudioVersion = 10.0.40219.1
Project("{2150E333-8FDC-42A3-9474-1A3956D46DE8}") = "src", "src", "{61CF5231-BF6F-4818-BA4E-95D0024FEA66}"
EndProject
Project("{2150E333-8FDC-42A3-9474-1A3956D46DE8}") = "Solution Items", "Solution Items", "{731E37FA-14F9-4E76-A92C-648236872109}"
	ProjectSection(SolutionItems) = preProject
		ServiceUrls.txt = ServiceUrls.txt
	EndProjectSection
EndProject
Project("{2150E333-8FDC-42A3-9474-1A3956D46DE8}") = "APIGateways", "APIGateways", "{38288ED3-592D-41AC-934B-03B265815639}"
EndProject
Project("{2150E333-8FDC-42A3-9474-1A3956D46DE8}") = "BuildingBlocks", "BuildingBlocks", "{9F7F6925-0863-47E0-8EFD-4EF009059676}"
EndProject
Project("{2150E333-8FDC-42A3-9474-1A3956D46DE8}") = "Services", "Services", "{2BD5E39E-C664-429C-B98E-F62A25C025A4}"
EndProject
Project("{2150E333-8FDC-42A3-9474-1A3956D46DE8}") = "Clients", "Clients", "{992CD24B-522A-4B40-B267-D1545F73F8E5}"
EndProject
Project("{2150E333-8FDC-42A3-9474-1A3956D46DE8}") = "WebAPIGateway", "WebAPIGateway", "{F07B6972-D7A8-4BA8-8F84-AA698563B99B}"
EndProject
Project("{9A19103F-16F7-4668-BE54-9A1E7A4F7556}") = "Web.APIGateway", "src\APIGateways\WebAPIGateway\Web.APIGateway\Web.APIGateway.csproj", "{BFCE0EE6-7DE6-45B4-893F-AC71637B3FE6}"
EndProject
Project("{2150E333-8FDC-42A3-9474-1A3956D46DE8}") = "EventBus", "EventBus", "{433B1433-8AA2-4685-8909-99911E5FF07F}"
EndProject
Project("{FAE04EC0-301F-11D3-BF4B-00C04F79EFBC}") = "EventBus.AzureServiceBus", "src\BuildingBlocks\EventBus\EventBus.AzureServiceBus\EventBus.AzureServiceBus.csproj", "{88D4A0CD-400C-422B-A161-5989BC39FD47}"
EndProject
Project("{FAE04EC0-301F-11D3-BF4B-00C04F79EFBC}") = "EventBus.Base", "src\BuildingBlocks\EventBus\EventBus.Base\EventBus.Base.csproj", "{9C9258B4-AF52-452F-86A1-5680963A26DC}"
EndProject
Project("{FAE04EC0-301F-11D3-BF4B-00C04F79EFBC}") = "EventBus.Factory", "src\BuildingBlocks\EventBus\EventBus.Factory\EventBus.Factory.csproj", "{2C8EBB7C-996A-45BF-9E1D-24C26E72D3AD}"
EndProject
Project("{FAE04EC0-301F-11D3-BF4B-00C04F79EFBC}") = "EventBus.RabbitMQ", "src\BuildingBlocks\EventBus\EventBus.RabbitMQ\EventBus.RabbitMQ.csproj", "{49D240E4-37A6-4658-9744-5BF425C8C6FF}"
EndProject
Project("{2150E333-8FDC-42A3-9474-1A3956D46DE8}") = "BlazorWebApp", "BlazorWebApp", "{F97EB28F-525B-46B7-BDCC-2F4DFE556DED}"
EndProject
Project("{FAE04EC0-301F-11D3-BF4B-00C04F79EFBC}") = "WebApp", "src\Clients\BlazorWebApp\WebApp\WebApp.csproj", "{50C03E75-1D0B-43DD-89F0-206FE03D22C8}"
EndProject
Project("{2150E333-8FDC-42A3-9474-1A3956D46DE8}") = "BasketService", "BasketService", "{46EB6E90-E709-4D1D-B2DA-59A3A92CF35F}"
EndProject
Project("{FAE04EC0-301F-11D3-BF4B-00C04F79EFBC}") = "BasketService.API", "src\Services\BasketService\BasketService.API\BasketService.API.csproj", "{4131B3D6-EDEC-4DBD-B2A5-EB8AA2A50646}"
EndProject
Project("{2150E333-8FDC-42A3-9474-1A3956D46DE8}") = "CatalogService", "CatalogService", "{07281FFA-DF47-47B3-B6DE-D06AA97A8425}"
EndProject
Project("{FAE04EC0-301F-11D3-BF4B-00C04F79EFBC}") = "CatalogService.API", "src\Services\CatalogService\CatalogService.API\CatalogService.API.csproj", "{B7BB61E4-1AA2-4721-A91F-7C7B71E2FA82}"
EndProject
Project("{2150E333-8FDC-42A3-9474-1A3956D46DE8}") = "IdentityService", "IdentityService", "{6D9E44C0-E47A-4958-B386-565D652900F4}"
EndProject
Project("{FAE04EC0-301F-11D3-BF4B-00C04F79EFBC}") = "IdentityService.API", "src\Services\IdentityService\IdentityService.API\IdentityService.API.csproj", "{60FCAFB4-E579-4E62-B9AF-23BC04236B3E}"
EndProject
Project("{2150E333-8FDC-42A3-9474-1A3956D46DE8}") = "NotificationService", "NotificationService", "{8383AAF1-A33D-421F-AF56-CBC4DFF72E61}"
EndProject
Project("{FAE04EC0-301F-11D3-BF4B-00C04F79EFBC}") = "NotificationService", "src\Services\NotificationService\NotificationService\NotificationService.csproj", "{996CC11E-4FC4-4AB1-84E1-7AD92857FF23}"
EndProject
Project("{2150E333-8FDC-42A3-9474-1A3956D46DE8}") = "OrderService", "OrderService", "{2726EE82-1A4B-4558-A444-459D14F0BFDE}"
EndProject
Project("{FAE04EC0-301F-11D3-BF4B-00C04F79EFBC}") = "OrderService.Domain", "src\Services\OrderService\OrderService.Domain\OrderService.Domain.csproj", "{1D5B1E13-C662-4935-899B-A06A66D07850}"
EndProject
Project("{FAE04EC0-301F-11D3-BF4B-00C04F79EFBC}") = "OrderService.Application", "src\Services\OrderService\OrderService.Application\OrderService.Application.csproj", "{B4A859D4-78AE-42AA-B2B9-A31BED8B6ED9}"
EndProject
Project("{FAE04EC0-301F-11D3-BF4B-00C04F79EFBC}") = "OrderService.Infrastruction", "src\Services\OrderService\OrderService.Infrastruction\OrderService.Infrastruction.csproj", "{A760D60E-D52C-4334-87A8-A8585ECAE8EA}"
EndProject
Project("{FAE04EC0-301F-11D3-BF4B-00C04F79EFBC}") = "OrderService.API", "src\Services\OrderService\OrderService.API\OrderService.API.csproj", "{EC5CBEB8-E270-48B8-BFB1-2E91CB209006}"
EndProject
Project("{2150E333-8FDC-42A3-9474-1A3956D46DE8}") = "PaymentService", "PaymentService", "{58FA3D65-9085-4AAF-ADC9-09BE4279E8EE}"
EndProject
Project("{FAE04EC0-301F-11D3-BF4B-00C04F79EFBC}") = "PaymentService.API", "src\Services\PaymentService\PaymentService.API\PaymentService.API.csproj", "{8BFA9422-D55C-49EB-ABD9-63E771A32F2B}"
EndProject
Global
	GlobalSection(SolutionConfigurationPlatforms) = preSolution
		Debug|Any CPU = Debug|Any CPU
		Release|Any CPU = Release|Any CPU
	EndGlobalSection
	GlobalSection(ProjectConfigurationPlatforms) = postSolution
		{BFCE0EE6-7DE6-45B4-893F-AC71637B3FE6}.Debug|Any CPU.ActiveCfg = Debug|Any CPU
		{BFCE0EE6-7DE6-45B4-893F-AC71637B3FE6}.Debug|Any CPU.Build.0 = Debug|Any CPU
		{BFCE0EE6-7DE6-45B4-893F-AC71637B3FE6}.Release|Any CPU.ActiveCfg = Release|Any CPU
		{BFCE0EE6-7DE6-45B4-893F-AC71637B3FE6}.Release|Any CPU.Build.0 = Release|Any CPU
		{88D4A0CD-400C-422B-A161-5989BC39FD47}.Debug|Any CPU.ActiveCfg = Debug|Any CPU
		{88D4A0CD-400C-422B-A161-5989BC39FD47}.Debug|Any CPU.Build.0 = Debug|Any CPU
		{88D4A0CD-400C-422B-A161-5989BC39FD47}.Release|Any CPU.ActiveCfg = Release|Any CPU
		{88D4A0CD-400C-422B-A161-5989BC39FD47}.Release|Any CPU.Build.0 = Release|Any CPU
		{9C9258B4-AF52-452F-86A1-5680963A26DC}.Debug|Any CPU.ActiveCfg = Debug|Any CPU
		{9C9258B4-AF52-452F-86A1-5680963A26DC}.Debug|Any CPU.Build.0 = Debug|Any CPU
		{9C9258B4-AF52-452F-86A1-5680963A26DC}.Release|Any CPU.ActiveCfg = Release|Any CPU
		{9C9258B4-AF52-452F-86A1-5680963A26DC}.Release|Any CPU.Build.0 = Release|Any CPU
		{2C8EBB7C-996A-45BF-9E1D-24C26E72D3AD}.Debug|Any CPU.ActiveCfg = Debug|Any CPU
		{2C8EBB7C-996A-45BF-9E1D-24C26E72D3AD}.Debug|Any CPU.Build.0 = Debug|Any CPU
		{2C8EBB7C-996A-45BF-9E1D-24C26E72D3AD}.Release|Any CPU.ActiveCfg = Release|Any CPU
		{2C8EBB7C-996A-45BF-9E1D-24C26E72D3AD}.Release|Any CPU.Build.0 = Release|Any CPU
		{49D240E4-37A6-4658-9744-5BF425C8C6FF}.Debug|Any CPU.ActiveCfg = Debug|Any CPU
		{49D240E4-37A6-4658-9744-5BF425C8C6FF}.Debug|Any CPU.Build.0 = Debug|Any CPU
		{49D240E4-37A6-4658-9744-5BF425C8C6FF}.Release|Any CPU.ActiveCfg = Release|Any CPU
		{49D240E4-37A6-4658-9744-5BF425C8C6FF}.Release|Any CPU.Build.0 = Release|Any CPU
		{50C03E75-1D0B-43DD-89F0-206FE03D22C8}.Debug|Any CPU.ActiveCfg = Debug|Any CPU
		{50C03E75-1D0B-43DD-89F0-206FE03D22C8}.Debug|Any CPU.Build.0 = Debug|Any CPU
		{50C03E75-1D0B-43DD-89F0-206FE03D22C8}.Release|Any CPU.ActiveCfg = Release|Any CPU
		{50C03E75-1D0B-43DD-89F0-206FE03D22C8}.Release|Any CPU.Build.0 = Release|Any CPU
		{4131B3D6-EDEC-4DBD-B2A5-EB8AA2A50646}.Debug|Any CPU.ActiveCfg = Debug|Any CPU
		{4131B3D6-EDEC-4DBD-B2A5-EB8AA2A50646}.Debug|Any CPU.Build.0 = Debug|Any CPU
		{4131B3D6-EDEC-4DBD-B2A5-EB8AA2A50646}.Release|Any CPU.ActiveCfg = Release|Any CPU
		{4131B3D6-EDEC-4DBD-B2A5-EB8AA2A50646}.Release|Any CPU.Build.0 = Release|Any CPU
		{B7BB61E4-1AA2-4721-A91F-7C7B71E2FA82}.Debug|Any CPU.ActiveCfg = Debug|Any CPU
		{B7BB61E4-1AA2-4721-A91F-7C7B71E2FA82}.Debug|Any CPU.Build.0 = Debug|Any CPU
		{B7BB61E4-1AA2-4721-A91F-7C7B71E2FA82}.Release|Any CPU.ActiveCfg = Release|Any CPU
		{B7BB61E4-1AA2-4721-A91F-7C7B71E2FA82}.Release|Any CPU.Build.0 = Release|Any CPU
		{60FCAFB4-E579-4E62-B9AF-23BC04236B3E}.Debug|Any CPU.ActiveCfg = Debug|Any CPU
		{60FCAFB4-E579-4E62-B9AF-23BC04236B3E}.Debug|Any CPU.Build.0 = Debug|Any CPU
		{60FCAFB4-E579-4E62-B9AF-23BC04236B3E}.Release|Any CPU.ActiveCfg = Release|Any CPU
		{60FCAFB4-E579-4E62-B9AF-23BC04236B3E}.Release|Any CPU.Build.0 = Release|Any CPU
		{996CC11E-4FC4-4AB1-84E1-7AD92857FF23}.Debug|Any CPU.ActiveCfg = Debug|Any CPU
		{996CC11E-4FC4-4AB1-84E1-7AD92857FF23}.Debug|Any CPU.Build.0 = Debug|Any CPU
		{996CC11E-4FC4-4AB1-84E1-7AD92857FF23}.Release|Any CPU.ActiveCfg = Release|Any CPU
		{996CC11E-4FC4-4AB1-84E1-7AD92857FF23}.Release|Any CPU.Build.0 = Release|Any CPU
		{1D5B1E13-C662-4935-899B-A06A66D07850}.Debug|Any CPU.ActiveCfg = Debug|Any CPU
		{1D5B1E13-C662-4935-899B-A06A66D07850}.Debug|Any CPU.Build.0 = Debug|Any CPU
		{1D5B1E13-C662-4935-899B-A06A66D07850}.Release|Any CPU.ActiveCfg = Release|Any CPU
		{1D5B1E13-C662-4935-899B-A06A66D07850}.Release|Any CPU.Build.0 = Release|Any CPU
		{B4A859D4-78AE-42AA-B2B9-A31BED8B6ED9}.Debug|Any CPU.ActiveCfg = Debug|Any CPU
		{B4A859D4-78AE-42AA-B2B9-A31BED8B6ED9}.Debug|Any CPU.Build.0 = Debug|Any CPU
		{B4A859D4-78AE-42AA-B2B9-A31BED8B6ED9}.Release|Any CPU.ActiveCfg = Release|Any CPU
		{B4A859D4-78AE-42AA-B2B9-A31BED8B6ED9}.Release|Any CPU.Build.0 = Release|Any CPU
		{A760D60E-D52C-4334-87A8-A8585ECAE8EA}.Debug|Any CPU.ActiveCfg = Debug|Any CPU
		{A760D60E-D52C-4334-87A8-A8585ECAE8EA}.Debug|Any CPU.Build.0 = Debug|Any CPU
		{A760D60E-D52C-4334-87A8-A8585ECAE8EA}.Release|Any CPU.ActiveCfg = Release|Any CPU
		{A760D60E-D52C-4334-87A8-A8585ECAE8EA}.Release|Any CPU.Build.0 = Release|Any CPU
		{EC5CBEB8-E270-48B8-BFB1-2E91CB209006}.Debug|Any CPU.ActiveCfg = Debug|Any CPU
		{EC5CBEB8-E270-48B8-BFB1-2E91CB209006}.Debug|Any CPU.Build.0 = Debug|Any CPU
		{EC5CBEB8-E270-48B8-BFB1-2E91CB209006}.Release|Any CPU.ActiveCfg = Release|Any CPU
		{EC5CBEB8-E270-48B8-BFB1-2E91CB209006}.Release|Any CPU.Build.0 = Release|Any CPU
		{8BFA9422-D55C-49EB-ABD9-63E771A32F2B}.Debug|Any CPU.ActiveCfg = Debug|Any CPU
		{8BFA9422-D55C-49EB-ABD9-63E771A32F2B}.Debug|Any CPU.Build.0 = Debug|Any CPU
		{8BFA9422-D55C-49EB-ABD9-63E771A32F2B}.Release|Any CPU.ActiveCfg = Release|Any CPU
		{8BFA9422-D55C-49EB-ABD9-63E771A32F2B}.Release|Any CPU.Build.0 = Release|Any CPU
	EndGlobalSection
	GlobalSection(SolutionProperties) = preSolution
		HideSolutionNode = FALSE
	EndGlobalSection
	GlobalSection(NestedProjects) = preSolution
		{38288ED3-592D-41AC-934B-03B265815639} = {61CF5231-BF6F-4818-BA4E-95D0024FEA66}
		{9F7F6925-0863-47E0-8EFD-4EF009059676} = {61CF5231-BF6F-4818-BA4E-95D0024FEA66}
		{2BD5E39E-C664-429C-B98E-F62A25C025A4} = {61CF5231-BF6F-4818-BA4E-95D0024FEA66}
		{992CD24B-522A-4B40-B267-D1545F73F8E5} = {61CF5231-BF6F-4818-BA4E-95D0024FEA66}
		{F07B6972-D7A8-4BA8-8F84-AA698563B99B} = {38288ED3-592D-41AC-934B-03B265815639}
		{BFCE0EE6-7DE6-45B4-893F-AC71637B3FE6} = {F07B6972-D7A8-4BA8-8F84-AA698563B99B}
		{433B1433-8AA2-4685-8909-99911E5FF07F} = {9F7F6925-0863-47E0-8EFD-4EF009059676}
		{88D4A0CD-400C-422B-A161-5989BC39FD47} = {433B1433-8AA2-4685-8909-99911E5FF07F}
		{9C9258B4-AF52-452F-86A1-5680963A26DC} = {433B1433-8AA2-4685-8909-99911E5FF07F}
		{2C8EBB7C-996A-45BF-9E1D-24C26E72D3AD} = {433B1433-8AA2-4685-8909-99911E5FF07F}
		{49D240E4-37A6-4658-9744-5BF425C8C6FF} = {433B1433-8AA2-4685-8909-99911E5FF07F}
		{F97EB28F-525B-46B7-BDCC-2F4DFE556DED} = {992CD24B-522A-4B40-B267-D1545F73F8E5}
		{50C03E75-1D0B-43DD-89F0-206FE03D22C8} = {F97EB28F-525B-46B7-BDCC-2F4DFE556DED}
		{46EB6E90-E709-4D1D-B2DA-59A3A92CF35F} = {2BD5E39E-C664-429C-B98E-F62A25C025A4}
		{4131B3D6-EDEC-4DBD-B2A5-EB8AA2A50646} = {46EB6E90-E709-4D1D-B2DA-59A3A92CF35F}
		{07281FFA-DF47-47B3-B6DE-D06AA97A8425} = {2BD5E39E-C664-429C-B98E-F62A25C025A4}
		{B7BB61E4-1AA2-4721-A91F-7C7B71E2FA82} = {07281FFA-DF47-47B3-B6DE-D06AA97A8425}
		{6D9E44C0-E47A-4958-B386-565D652900F4} = {2BD5E39E-C664-429C-B98E-F62A25C025A4}
		{60FCAFB4-E579-4E62-B9AF-23BC04236B3E} = {6D9E44C0-E47A-4958-B386-565D652900F4}
		{8383AAF1-A33D-421F-AF56-CBC4DFF72E61} = {2BD5E39E-C664-429C-B98E-F62A25C025A4}
		{996CC11E-4FC4-4AB1-84E1-7AD92857FF23} = {8383AAF1-A33D-421F-AF56-CBC4DFF72E61}
		{2726EE82-1A4B-4558-A444-459D14F0BFDE} = {2BD5E39E-C664-429C-B98E-F62A25C025A4}
		{1D5B1E13-C662-4935-899B-A06A66D07850} = {2726EE82-1A4B-4558-A444-459D14F0BFDE}
		{B4A859D4-78AE-42AA-B2B9-A31BED8B6ED9} = {2726EE82-1A4B-4558-A444-459D14F0BFDE}
		{A760D60E-D52C-4334-87A8-A8585ECAE8EA} = {2726EE82-1A4B-4558-A444-459D14F0BFDE}
		{EC5CBEB8-E270-48B8-BFB1-2E91CB209006} = {2726EE82-1A4B-4558-A444-459D14F0BFDE}
		{58FA3D65-9085-4AAF-ADC9-09BE4279E8EE} = {2BD5E39E-C664-429C-B98E-F62A25C025A4}
		{8BFA9422-D55C-49EB-ABD9-63E771A32F2B} = {58FA3D65-9085-4AAF-ADC9-09BE4279E8EE}
	EndGlobalSection
	GlobalSection(ExtensibilityGlobals) = postSolution
		SolutionGuid = {A23F94B3-F5FD-484C-B6F0-11C333B19D00}
	EndGlobalSection
EndGlobal
